
Microsoft Visual Studio Solution File, Format Version 11.00
# Visual Studio 2010
Project("{FAE04EC0-301F-11D3-BF4B-00C04F79EFBC}") = "MiniSqlQuery.Exports.Plugin", "MiniSqlQuery.Exports.Plugin\MiniSqlQuery.Exports.Plugin.csproj", "{BADDFE58-B855-4A88-A131-BE4066F080E8}"
EndProject
Project("{FAE04EC0-301F-11D3-BF4B-00C04F79EFBC}") = "MiniSqlQuery.Core", "..\MiniSqlQuery.Core\MiniSqlQuery.Core.csproj", "{B819CF6A-B5FD-4E85-842D-FD855F856A5A}"
EndProject
Project("{FAE04EC0-301F-11D3-BF4B-00C04F79EFBC}") = "MiniSqlQuery", "..\MiniSqlQuery\MiniSqlQuery.csproj", "{0164E1CD-8EC2-4C9E-8D67-2575221D8707}"
EndProject
Project("{FAE04EC0-301F-11D3-BF4B-00C04F79EFBC}") = "MiniSqlQuery.ExternalTools.Plugin", "MiniSqlQuery.ExternalTools.Plugin\MiniSqlQuery.ExternalTools.Plugin.csproj", "{803B1BA0-361A-47B9-A8EE-B790CD05B827}"
EndProject
Global
	GlobalSection(SolutionConfigurationPlatforms) = preSolution
		Debug|Any CPU = Debug|Any CPU
		Release - No Tests|Any CPU = Release - No Tests|Any CPU
		Release|Any CPU = Release|Any CPU
	EndGlobalSection
	GlobalSection(ProjectConfigurationPlatforms) = postSolution
		{BADDFE58-B855-4A88-A131-BE4066F080E8}.Debug|Any CPU.ActiveCfg = Debug|Any CPU
		{BADDFE58-B855-4A88-A131-BE4066F080E8}.Debug|Any CPU.Build.0 = Debug|Any CPU
		{BADDFE58-B855-4A88-A131-BE4066F080E8}.Release - No Tests|Any CPU.ActiveCfg = Release|Any CPU
		{BADDFE58-B855-4A88-A131-BE4066F080E8}.Release - No Tests|Any CPU.Build.0 = Release|Any CPU
		{BADDFE58-B855-4A88-A131-BE4066F080E8}.Release|Any CPU.ActiveCfg = Release|Any CPU
		{BADDFE58-B855-4A88-A131-BE4066F080E8}.Release|Any CPU.Build.0 = Release|Any CPU
		{B819CF6A-B5FD-4E85-842D-FD855F856A5A}.Debug|Any CPU.ActiveCfg = Debug|Any CPU
		{B819CF6A-B5FD-4E85-842D-FD855F856A5A}.Debug|Any CPU.Build.0 = Debug|Any CPU
		{B819CF6A-B5FD-4E85-842D-FD855F856A5A}.Release - No Tests|Any CPU.ActiveCfg = Release - No Tests|Any CPU
		{B819CF6A-B5FD-4E85-842D-FD855F856A5A}.Release - No Tests|Any CPU.Build.0 = Release - No Tests|Any CPU
		{B819CF6A-B5FD-4E85-842D-FD855F856A5A}.Release|Any CPU.ActiveCfg = Release|Any CPU
		{B819CF6A-B5FD-4E85-842D-FD855F856A5A}.Release|Any CPU.Build.0 = Release|Any CPU
		{0164E1CD-8EC2-4C9E-8D67-2575221D8707}.Debug|Any CPU.ActiveCfg = Debug|Any CPU
		{0164E1CD-8EC2-4C9E-8D67-2575221D8707}.Debug|Any CPU.Build.0 = Debug|Any CPU
		{0164E1CD-8EC2-4C9E-8D67-2575221D8707}.Release - No Tests|Any CPU.ActiveCfg = Release - No Tests|Any CPU
		{0164E1CD-8EC2-4C9E-8D67-2575221D8707}.Release - No Tests|Any CPU.Build.0 = Release - No Tests|Any CPU
		{0164E1CD-8EC2-4C9E-8D67-2575221D8707}.Release|Any CPU.ActiveCfg = Release|Any CPU
		{0164E1CD-8EC2-4C9E-8D67-2575221D8707}.Release|Any CPU.Build.0 = Release|Any CPU
		{803B1BA0-361A-47B9-A8EE-B790CD05B827}.Debug|Any CPU.ActiveCfg = Debug|Any CPU
		{803B1BA0-361A-47B9-A8EE-B790CD05B827}.Debug|Any CPU.Build.0 = Debug|Any CPU
		{803B1BA0-361A-47B9-A8EE-B790CD05B827}.Release - No Tests|Any CPU.ActiveCfg = Release|Any CPU
		{803B1BA0-361A-47B9-A8EE-B790CD05B827}.Release - No Tests|Any CPU.Build.0 = Release|Any CPU
		{803B1BA0-361A-47B9-A8EE-B790CD05B827}.Release|Any CPU.ActiveCfg = Release|Any CPU
		{803B1BA0-361A-47B9-A8EE-B790CD05B827}.Release|Any CPU.Build.0 = Release|Any CPU
	EndGlobalSection
	GlobalSection(SolutionProperties) = preSolution
		HideSolutionNode = FALSE
	EndGlobalSection
EndGlobal
